
Microsoft Visual Studio Solution File, Format Version 12.00
# Visual Studio Version 16
VisualStudioVersion = 16.0.29920.165
MinimumVisualStudioVersion = 10.0.40219.1
Project("{FAE04EC0-301F-11D3-BF4B-00C04F79EFBC}") = "MG_Y", "MG_Y.csproj", "{515AEF04-A3D5-4966-9445-B94101F64D47}"
EndProject
Global
	GlobalSection(SolutionConfigurationPlatforms) = preSolution
		Debug|Any CPU = Debug|Any CPU
		Release|Any CPU = Release|Any CPU
	EndGlobalSection
	GlobalSection(ProjectConfigurationPlatforms) = postSolution
		{515AEF04-A3D5-4966-9445-B94101F64D47}.Debug|Any CPU.ActiveCfg = Debug|Any CPU
		{515AEF04-A3D5-4966-9445-B94101F64D47}.Debug|Any CPU.Build.0 = Debug|Any CPU
		{515AEF04-A3D5-4966-9445-B94101F64D47}.Release|Any CPU.ActiveCfg = Release|Any CPU
		{515AEF04-A3D5-4966-9445-B94101F64D47}.Release|Any CPU.Build.0 = Release|Any CPU
	EndGlobalSection
	GlobalSection(SolutionProperties) = preSolution
		HideSolutionNode = FALSE
	EndGlobalSection
	GlobalSection(ExtensibilityGlobals) = postSolution
		SolutionGuid = {9942665A-117B-4727-B6B0-75BCE69C376D}
	EndGlobalSection
EndGlobal
